
Microsoft Visual Studio Solution File, Format Version 12.00
# Visual Studio Version 16
VisualStudioVersion = 16.0.30517.126
MinimumVisualStudioVersion = 10.0.40219.1
Project("{FAE04EC0-301F-11D3-BF4B-00C04F79EFBC}") = "ConvertTemperatures", "ConvertTemperatures.csproj", "{278CCFBB-2735-48CA-A2C4-A0C162ACCA2C}"
EndProject
Global
	GlobalSection(SolutionConfigurationPlatforms) = preSolution
		Debug|Any CPU = Debug|Any CPU
		Release|Any CPU = Release|Any CPU
	EndGlobalSection
	GlobalSection(ProjectConfigurationPlatforms) = postSolution
		{278CCFBB-2735-48CA-A2C4-A0C162ACCA2C}.Debug|Any CPU.ActiveCfg = Debug|Any CPU
		{278CCFBB-2735-48CA-A2C4-A0C162ACCA2C}.Debug|Any CPU.Build.0 = Debug|Any CPU
		{278CCFBB-2735-48CA-A2C4-A0C162ACCA2C}.Release|Any CPU.ActiveCfg = Release|Any CPU
		{278CCFBB-2735-48CA-A2C4-A0C162ACCA2C}.Release|Any CPU.Build.0 = Release|Any CPU
	EndGlobalSection
	GlobalSection(SolutionProperties) = preSolution
		HideSolutionNode = FALSE
	EndGlobalSection
	GlobalSection(ExtensibilityGlobals) = postSolution
		SolutionGuid = {FE973619-DF1B-4B0C-9417-15F21062B4D6}
	EndGlobalSection
EndGlobal
